
Microsoft Visual Studio Solution File, Format Version 12.00
# Visual Studio 15
VisualStudioVersion = 15.0.27703.2000
MinimumVisualStudioVersion = 10.0.40219.1
Project("{2150E333-8FDC-42A3-9474-1A3956D46DE8}") = "App", "App", "{8204F408-650E-4CE8-8FB5-18BC22D21EE6}"
EndProject
Project("{2150E333-8FDC-42A3-9474-1A3956D46DE8}") = "Test", "Test", "{A4CA5E19-C411-4F52-8CA0-A12C4D1F00A7}"
EndProject
Project("{2150E333-8FDC-42A3-9474-1A3956D46DE8}") = "1. Apresentação", "1. Apresentação", "{4F0F67D5-72D9-4051-A632-B4375D82109D}"
EndProject
Project("{2150E333-8FDC-42A3-9474-1A3956D46DE8}") = "2. Serviço", "2. Serviço", "{C3A3A16A-C733-4E0B-8011-39858582E2B9}"
EndProject
Project("{2150E333-8FDC-42A3-9474-1A3956D46DE8}") = "3. Aplicação", "3. Aplicação", "{80CBA4B3-0462-4409-A456-DD825A7FE840}"
EndProject
Project("{2150E333-8FDC-42A3-9474-1A3956D46DE8}") = "4. Domínio", "4. Domínio", "{0A1545B5-2DAD-4FA5-BA7E-B4C4E51206FC}"
EndProject
Project("{2150E333-8FDC-42A3-9474-1A3956D46DE8}") = "5. Infraestrutura", "5. Infraestrutura", "{DE9BECE4-76FF-4144-8C74-8B8348F555D7}"
EndProject
Project("{2150E333-8FDC-42A3-9474-1A3956D46DE8}") = "5.1. Dados", "5.1. Dados", "{B1ABE91D-80FA-4C11-A920-12351DD9B4AF}"
EndProject
Project("{2150E333-8FDC-42A3-9474-1A3956D46DE8}") = "5.2. Transversal", "5.2. Transversal", "{05C40A6C-2DD5-4663-B49C-DA7B569A9CD4}"
EndProject
Project("{FAE04EC0-301F-11D3-BF4B-00C04F79EFBC}") = "Livraria.Dominio", "App\Livraria.Dominio\Livraria.Dominio.csproj", "{F3E4971A-6EFB-4FBE-8B8D-A447B3944791}"
EndProject
Project("{FAE04EC0-301F-11D3-BF4B-00C04F79EFBC}") = "Livraria.Infraestrutura.Dados", "App\Livraria.Infraestrutura.Dados\Livraria.Infraestrutura.Dados.csproj", "{4C2B2952-1E0C-4626-AAAF-9A08D219280B}"
EndProject
Global
	GlobalSection(SolutionConfigurationPlatforms) = preSolution
		Debug|Any CPU = Debug|Any CPU
		Release|Any CPU = Release|Any CPU
	EndGlobalSection
	GlobalSection(ProjectConfigurationPlatforms) = postSolution
		{F3E4971A-6EFB-4FBE-8B8D-A447B3944791}.Debug|Any CPU.ActiveCfg = Debug|Any CPU
		{F3E4971A-6EFB-4FBE-8B8D-A447B3944791}.Debug|Any CPU.Build.0 = Debug|Any CPU
		{F3E4971A-6EFB-4FBE-8B8D-A447B3944791}.Release|Any CPU.ActiveCfg = Release|Any CPU
		{F3E4971A-6EFB-4FBE-8B8D-A447B3944791}.Release|Any CPU.Build.0 = Release|Any CPU
		{4C2B2952-1E0C-4626-AAAF-9A08D219280B}.Debug|Any CPU.ActiveCfg = Debug|Any CPU
		{4C2B2952-1E0C-4626-AAAF-9A08D219280B}.Debug|Any CPU.Build.0 = Debug|Any CPU
		{4C2B2952-1E0C-4626-AAAF-9A08D219280B}.Release|Any CPU.ActiveCfg = Release|Any CPU
		{4C2B2952-1E0C-4626-AAAF-9A08D219280B}.Release|Any CPU.Build.0 = Release|Any CPU
	EndGlobalSection
	GlobalSection(SolutionProperties) = preSolution
		HideSolutionNode = FALSE
	EndGlobalSection
	GlobalSection(NestedProjects) = preSolution
		{4F0F67D5-72D9-4051-A632-B4375D82109D} = {8204F408-650E-4CE8-8FB5-18BC22D21EE6}
		{C3A3A16A-C733-4E0B-8011-39858582E2B9} = {8204F408-650E-4CE8-8FB5-18BC22D21EE6}
		{80CBA4B3-0462-4409-A456-DD825A7FE840} = {8204F408-650E-4CE8-8FB5-18BC22D21EE6}
		{0A1545B5-2DAD-4FA5-BA7E-B4C4E51206FC} = {8204F408-650E-4CE8-8FB5-18BC22D21EE6}
		{DE9BECE4-76FF-4144-8C74-8B8348F555D7} = {8204F408-650E-4CE8-8FB5-18BC22D21EE6}
		{B1ABE91D-80FA-4C11-A920-12351DD9B4AF} = {DE9BECE4-76FF-4144-8C74-8B8348F555D7}
		{05C40A6C-2DD5-4663-B49C-DA7B569A9CD4} = {DE9BECE4-76FF-4144-8C74-8B8348F555D7}
		{F3E4971A-6EFB-4FBE-8B8D-A447B3944791} = {0A1545B5-2DAD-4FA5-BA7E-B4C4E51206FC}
		{4C2B2952-1E0C-4626-AAAF-9A08D219280B} = {B1ABE91D-80FA-4C11-A920-12351DD9B4AF}
	EndGlobalSection
	GlobalSection(ExtensibilityGlobals) = postSolution
		SolutionGuid = {CDBEDE15-9F0C-4EFC-810C-FED7CC46AA93}
	EndGlobalSection
EndGlobal
